{"projectHash":"2854f6e3f4a900c19dcc4d23efddb938971298db","productModuleName":"KitaNontonTests","mockedTypeNames":["\/Users\/febriadrian\/Documents\/InterviewTest\/KitaNonton\/KitaNontonTests\/KitaNontonTests.swift",["MovieProvider","NetworkService"],"\/Users\/febriadrian\/Documents\/InterviewTest\/KitaNonton\/KitaNontonTests\/MovieDetailReviewViewModelTests.swift",[],"\/Users\/febriadrian\/Documents\/InterviewTest\/KitaNonton\/KitaNontonTests\/MovieDetailViewModelTests.swift",[],"\/Users\/febriadrian\/Documents\/InterviewTest\/KitaNonton\/KitaNontonTests\/HomeMoviesViewModelTests.swift",[]],"cliVersion":"0.16.0","configHash":"5391a4b0708375ac9a5e767c062f55a20a290c01","sourceRoot":"\/Users\/febriadrian\/Documents\/InterviewTest\/KitaNonton","sourceFilePaths":[{"path":"\/Users\/febriadrian\/Documents\/InterviewTest\/KitaNonton\/KitaNontonTests\/HomeMoviesViewModelTests.swift","hash":"bf04c826cddc081877bd3c5699c2aa31f959dd58"},{"path":"\/Users\/febriadrian\/Documents\/InterviewTest\/KitaNonton\/KitaNontonTests\/KitaNontonTests.swift","hash":"e800003a26b21cd2742b63aa4e95bfdfa896e248"},{"path":"\/Users\/febriadrian\/Documents\/InterviewTest\/KitaNonton\/KitaNontonTests\/MovieDetailReviewViewModelTests.swift","hash":"3834601d594524adaa84719405f9cdff6cc6223c"},{"path":"\/Users\/febriadrian\/Documents\/InterviewTest\/KitaNonton\/KitaNontonTests\/MovieDetailViewModelTests.swift","hash":"8eb5d01746ea9aaae137055af44bd4d17553f1b1"},{"path":"\/Users\/febriadrian\/Documents\/InterviewTest\/KitaNonton\/MockingbirdMocks\/KitaNontonTests-KitaNontonMocks.generated.swift","hash":"a48cf6082274437d68538f9d8707381363c5afb4"}],"dependencies":[],"name":"KitaNontonTests"}