{"projectHash":"5b5288d4db141627c6402e288a1b3c06780fd0db","productModuleName":"KitaNontonTests","mockedTypeNames":["\/Users\/febriadrian\/Documents\/InterviewTest\/KitaNonton\/KitaNontonTests\/HomeMoviesViewModelTests.swift",[],"\/Users\/febriadrian\/Documents\/InterviewTest\/KitaNonton\/KitaNontonTests\/MovieDetailReviewViewModelTests.swift",[],"\/Users\/febriadrian\/Documents\/InterviewTest\/KitaNonton\/KitaNontonTests\/MovieDetailViewModelTests.swift",[],"\/Users\/febriadrian\/Documents\/InterviewTest\/KitaNonton\/KitaNontonTests\/KitaNontonTests.swift",["MovieProvider","NetworkService"]],"cliVersion":"0.16.0","configHash":"c659b281a366d3632d39e8e6e42a6cbce26a81e6","sourceRoot":"\/Users\/febriadrian\/Documents\/InterviewTest\/KitaNonton","sourceFilePaths":[{"path":"\/Users\/febriadrian\/Documents\/InterviewTest\/KitaNonton\/KitaNontonTests\/HomeMoviesViewModelTests.swift","hash":"bf04c826cddc081877bd3c5699c2aa31f959dd58"},{"path":"\/Users\/febriadrian\/Documents\/InterviewTest\/KitaNonton\/KitaNontonTests\/KitaNontonTests.swift","hash":"e800003a26b21cd2742b63aa4e95bfdfa896e248"},{"path":"\/Users\/febriadrian\/Documents\/InterviewTest\/KitaNonton\/KitaNontonTests\/MovieDetailReviewViewModelTests.swift","hash":"a39f62e9d6cf67c275c1c69be902def1bb0810f8"},{"path":"\/Users\/febriadrian\/Documents\/InterviewTest\/KitaNonton\/KitaNontonTests\/MovieDetailViewModelTests.swift","hash":"8eb5d01746ea9aaae137055af44bd4d17553f1b1"},{"path":"\/Users\/febriadrian\/Documents\/InterviewTest\/KitaNonton\/MockingbirdMocks\/KitaNontonTests-KitaNontonMocks.generated.swift","hash":"6172ee1bab0d62eb29fde427e2c00ad3753da777"}],"dependencies":[],"name":"KitaNontonTests"}