{"cliVersion":"0.16.0","productModuleName":"KitaNonton","sourceFilePaths":[{"path":"\/Users\/febriadrian\/Documents\/Development\/KitaNonton\/KitaNonton\/AppRouter\/AppRouter.swift","hash":"8015e56475f929b06fdd40da86b8ae5b6638c236"},{"path":"\/Users\/febriadrian\/Documents\/Development\/KitaNonton\/KitaNonton\/AppRouter\/GeneralRoute.swift","hash":"604ca9bc9fbe83bbecc7d43bd7b54ced4bdc4dcf"},{"path":"\/Users\/febriadrian\/Documents\/Development\/KitaNonton\/KitaNonton\/Application\/AppDelegate.swift","hash":"30a8d83be5ed6379181ef80eb6207d96f23215a1"},{"path":"\/Users\/febriadrian\/Documents\/Development\/KitaNonton\/KitaNonton\/Application\/ViewController.swift","hash":"029b426ebce86e79019abe87e6b992148a44f1e2"},{"path":"\/Users\/febriadrian\/Documents\/Development\/KitaNonton\/KitaNonton\/Constants\/Colors.swift","hash":"56d2a22c0fb6677241690442c4fce61d0eafbc9d"},{"path":"\/Users\/febriadrian\/Documents\/Development\/KitaNonton\/KitaNonton\/Constants\/Constant.swift","hash":"94ebf79b3654a9171dc2da8f5c5b7c2793085a8a"},{"path":"\/Users\/febriadrian\/Documents\/Development\/KitaNonton\/KitaNonton\/Constants\/ImageUrl.swift","hash":"7b2b0c909a7c92f2d3dd1c95b183820e97f30626"},{"path":"\/Users\/febriadrian\/Documents\/Development\/KitaNonton\/KitaNonton\/Constants\/Messages.swift","hash":"1dee8f3f7510ad7f0d3059d5719e124b687df08e"},{"path":"\/Users\/febriadrian\/Documents\/Development\/KitaNonton\/KitaNonton\/Constants\/MovieEnum.swift","hash":"bfea595444e64bcb1c3d2d5627b11c19fc1cccaa"},{"path":"\/Users\/febriadrian\/Documents\/Development\/KitaNonton\/KitaNonton\/DBService\/FavoriteService.swift","hash":"76ab4abc41224d03af2d0faecca542cd750483f1"},{"path":"\/Users\/febriadrian\/Documents\/Development\/KitaNonton\/KitaNonton\/DBService\/Object\/FavoriteObject.swift","hash":"a7dac62d393f3354dc2fba482412f9bee55bd928"},{"path":"\/Users\/febriadrian\/Documents\/Development\/KitaNonton\/KitaNonton\/DBService\/RealmService.swift","hash":"0a33fb413870d20ef7bd32fbc92b4bad44d3e81a"},{"path":"\/Users\/febriadrian\/Documents\/Development\/KitaNonton\/KitaNonton\/Extension\/Ext+Data.swift","hash":"9a126478c93d559e5436c7af6afe58dd52c13f40"},{"path":"\/Users\/febriadrian\/Documents\/Development\/KitaNonton\/KitaNonton\/Extension\/Ext+Dictionary.swift","hash":"5c21576f64eec75a527d56f4bfbdde6828892913"},{"path":"\/Users\/febriadrian\/Documents\/Development\/KitaNonton\/KitaNonton\/Extension\/Ext+UIApplication.swift","hash":"934f27c81f3f43ea3093d1d7b04fa47113867ed8"},{"path":"\/Users\/febriadrian\/Documents\/Development\/KitaNonton\/KitaNonton\/Extension\/Ext+UIButton.swift","hash":"803db0dd25432ef3cd33c93632287f76aafe67a9"},{"path":"\/Users\/febriadrian\/Documents\/Development\/KitaNonton\/KitaNonton\/Extension\/Ext+UICollectionView.swift","hash":"980eb0b8c19d8843dc4811c488f0651dc4e15f12"},{"path":"\/Users\/febriadrian\/Documents\/Development\/KitaNonton\/KitaNonton\/Extension\/Ext+UIFont.swift","hash":"3485dbcc96edac74e70eb887d7236615158dcd24"},{"path":"\/Users\/febriadrian\/Documents\/Development\/KitaNonton\/KitaNonton\/Extension\/Ext+UIImageView.swift","hash":"66a682a3164b7e99be9c4d85b37e503ad1ca8b2c"},{"path":"\/Users\/febriadrian\/Documents\/Development\/KitaNonton\/KitaNonton\/Extension\/Ext+UITableView.swift","hash":"ab95aa4694e9a664b0ffe4a131724a2c157d9ac1"},{"path":"\/Users\/febriadrian\/Documents\/Development\/KitaNonton\/KitaNonton\/Extension\/Ext+UIView.swift","hash":"b5f2613a6a9082a115c2ed6d926ee827ff0131e8"},{"path":"\/Users\/febriadrian\/Documents\/Development\/KitaNonton\/KitaNonton\/Extension\/Ext+UIViewController.swift","hash":"5ebdcb43f0580b1cd1dddd488e3316162911cb61"},{"path":"\/Users\/febriadrian\/Documents\/Development\/KitaNonton\/KitaNonton\/Helper\/Helper.swift","hash":"dff830220c79bc02aae23b3691970ce07b0ea2c1"},{"path":"\/Users\/febriadrian\/Documents\/Development\/KitaNonton\/KitaNonton\/Helper\/MockResponse.swift","hash":"7712d95c3ca15479072c0dda7d1b5ae89200883a"},{"path":"\/Users\/febriadrian\/Documents\/Development\/KitaNonton\/KitaNonton\/Helper\/SwinJectContainer.swift","hash":"13d8e733a3408efdd8583258f07f1d903b563bb7"},{"path":"\/Users\/febriadrian\/Documents\/Development\/KitaNonton\/KitaNonton\/Helper\/Typealias.swift","hash":"5e845010e8a7d53475cfb520f17e242412c3feda"},{"path":"\/Users\/febriadrian\/Documents\/Development\/KitaNonton\/KitaNonton\/Initializer\/FavoriteMoviesInitializer.swift","hash":"457511b0dcc62fae7880ff3372552134da6bc213"},{"path":"\/Users\/febriadrian\/Documents\/Development\/KitaNonton\/KitaNonton\/Initializer\/HomeInitializer.swift","hash":"dbe2ac96d9a97627830e197eebc671ede29b957c"},{"path":"\/Users\/febriadrian\/Documents\/Development\/KitaNonton\/KitaNonton\/Initializer\/HomeMoviesInitializer.swift","hash":"84edd74cde9b0f4eb42cad6dc65e476ebc5e6841"},{"path":"\/Users\/febriadrian\/Documents\/Development\/KitaNonton\/KitaNonton\/Initializer\/MovieDetailInfoInitializer.swift","hash":"c25630a19ddc6c47e1d1eeba11699041031ad9e5"},{"path":"\/Users\/febriadrian\/Documents\/Development\/KitaNonton\/KitaNonton\/Initializer\/MovieDetailInitializer.swift","hash":"ebb4f46ecfb1378629cd24efbdf97a1c8971b298"},{"path":"\/Users\/febriadrian\/Documents\/Development\/KitaNonton\/KitaNonton\/Initializer\/MovieDetailReviewInitializer.swift","hash":"fa45c67a048388d9a86ef22e680040d19c3a41aa"},{"path":"\/Users\/febriadrian\/Documents\/Development\/KitaNonton\/KitaNonton\/Model\/ErrorResponse.swift","hash":"7f799e7dcaa9babbfb28b1db6f44acbd0280e804"},{"path":"\/Users\/febriadrian\/Documents\/Development\/KitaNonton\/KitaNonton\/Model\/MovieDetailModel.swift","hash":"dd9c6706f16fb88c7fcc7aea3e4f06c1f388a4ee"},{"path":"\/Users\/febriadrian\/Documents\/Development\/KitaNonton\/KitaNonton\/Model\/MoviesModel.swift","hash":"283a2bf55c8df57a05cf20e354c8329a53878329"},{"path":"\/Users\/febriadrian\/Documents\/Development\/KitaNonton\/KitaNonton\/Model\/ReviewModel.swift","hash":"e6a2a4052c8804fdc25feaf26147e4a6b139c4f6"},{"path":"\/Users\/febriadrian\/Documents\/Development\/KitaNonton\/KitaNonton\/NetworkService\/Endpoint.swift","hash":"4dce3106f092d11c0dee1e8b33d8792a5db29614"},{"path":"\/Users\/febriadrian\/Documents\/Development\/KitaNonton\/KitaNonton\/NetworkService\/NetworkService.swift","hash":"cb296f53bce1a43601fe564fc2dd427ea399807f"},{"path":"\/Users\/febriadrian\/Documents\/Development\/KitaNonton\/KitaNonton\/Provider\/MovieProvider.swift","hash":"10df47e2e16be0f0722fefc139c5baf1921cf8ea"},{"path":"\/Users\/febriadrian\/Documents\/Development\/KitaNonton\/KitaNonton\/ReusableView\/CustomXIBView.swift","hash":"6e6304520b115f7ec2478ae309afbf972701bf00"},{"path":"\/Users\/febriadrian\/Documents\/Development\/KitaNonton\/KitaNonton\/ReusableView\/HomeMoviesCell\/HomeMoviesCollectionViewCell.swift","hash":"dc4ecc37dd8be961145688976dd9d69fae5a78ef"},{"path":"\/Users\/febriadrian\/Documents\/Development\/KitaNonton\/KitaNonton\/ReusableView\/LoadMoreView\/LoadMoreReusableView.swift","hash":"d36ddd6e48e1bfe3e1df409d50bba78bdc762f52"},{"path":"\/Users\/febriadrian\/Documents\/Development\/KitaNonton\/KitaNonton\/ReusableView\/LoadingView\/LoadingView.swift","hash":"ba8e2b421588fba070133280a474ae71371cbad4"},{"path":"\/Users\/febriadrian\/Documents\/Development\/KitaNonton\/KitaNonton\/ReusableView\/ReviewCell\/ReviewTableViewCell.swift","hash":"fe75562e40d4cf9b6a749e266c5bcf7d2f43d41e"},{"path":"\/Users\/febriadrian\/Documents\/Development\/KitaNonton\/KitaNonton\/ReusableView\/ToastView\/Toast.swift","hash":"8c42495d60e420c39f05224f092cf2b913b0e8c5"},{"path":"\/Users\/febriadrian\/Documents\/Development\/KitaNonton\/KitaNonton\/ReusableView\/ToastView\/ToastView.swift","hash":"60ce72ebbf8eef34030f19969c65192cf432c3e4"},{"path":"\/Users\/febriadrian\/Documents\/Development\/KitaNonton\/KitaNonton\/ReusableView\/TrailerCell\/TrailerCollectionViewCell.swift","hash":"18d9f864e34d8d0294ee79a74f119cf3b62c9018"},{"path":"\/Users\/febriadrian\/Documents\/Development\/KitaNonton\/KitaNonton\/Router\/FavoriteMoviesRouter.swift","hash":"3c1f0220db443bb741000434a096b96883609dda"},{"path":"\/Users\/febriadrian\/Documents\/Development\/KitaNonton\/KitaNonton\/Router\/HomeMoviesRouter.swift","hash":"a7bf58e0ade4d6f87c08be44ca9ea58ec6794d5c"},{"path":"\/Users\/febriadrian\/Documents\/Development\/KitaNonton\/KitaNonton\/ViewController\/FavoriteMovies\/FavoriteMoviesViewController.swift","hash":"928151ff58b05a822e573b1a69c4e0194eb6ac56"},{"path":"\/Users\/febriadrian\/Documents\/Development\/KitaNonton\/KitaNonton\/ViewController\/Home\/HomeViewController.swift","hash":"863f6f919486ae1cc8c8d9ef6c5bedb6580b2e0f"},{"path":"\/Users\/febriadrian\/Documents\/Development\/KitaNonton\/KitaNonton\/ViewController\/HomeMovies\/HomeMoviesViewController.swift","hash":"07e6acf831d49f439536459a8c223cf2cdce7c0f"},{"path":"\/Users\/febriadrian\/Documents\/Development\/KitaNonton\/KitaNonton\/ViewController\/Main\/MainViewController.swift","hash":"5a1be602b85379c71b5147b756a16ef39f28ce96"},{"path":"\/Users\/febriadrian\/Documents\/Development\/KitaNonton\/KitaNonton\/ViewController\/MovieDetail\/MovieDetailViewController.swift","hash":"62b3a280b932029f4f71f887c6a8ab753cfea4b5"},{"path":"\/Users\/febriadrian\/Documents\/Development\/KitaNonton\/KitaNonton\/ViewController\/MovieDetailInfo\/MovieDetailInfoViewController.swift","hash":"5ee7dab34c9a8411259fb747f03e81166c2cb1ca"},{"path":"\/Users\/febriadrian\/Documents\/Development\/KitaNonton\/KitaNonton\/ViewController\/MovieDetailReview\/MovieDetailReviewViewController.swift","hash":"da8d016578a8645bcf25ffaf7aa0f23b9209d92b"},{"path":"\/Users\/febriadrian\/Documents\/Development\/KitaNonton\/KitaNonton\/ViewController\/MoviesCollection\/MoviesCollectionViewController.swift","hash":"cfc7ed1112749c118f2c34c63f1cdc3680961483"},{"path":"\/Users\/febriadrian\/Documents\/Development\/KitaNonton\/KitaNonton\/ViewModel\/FavoriteMoviesViewModel.swift","hash":"566ca4ce1eca9c767c14fd5167fb4788bce356fd"},{"path":"\/Users\/febriadrian\/Documents\/Development\/KitaNonton\/KitaNonton\/ViewModel\/HomeMoviesViewModel.swift","hash":"d1ef94097003f0a3d89bf92aca0f8471d854afef"},{"path":"\/Users\/febriadrian\/Documents\/Development\/KitaNonton\/KitaNonton\/ViewModel\/HomeViewModel.swift","hash":"f66eb7ef210442b8385c7833e63e7be7d8d5de70"},{"path":"\/Users\/febriadrian\/Documents\/Development\/KitaNonton\/KitaNonton\/ViewModel\/MovieDetailReviewViewModel.swift","hash":"83e67cfea5171183c93619ca7cda7b6e5f4fdc8b"},{"path":"\/Users\/febriadrian\/Documents\/Development\/KitaNonton\/KitaNonton\/ViewModel\/MovieDetailViewModel.swift","hash":"c15c2038d8d944c15ab579f4a47f664064ee9e07"}],"configHash":"42c4edb38b9959c682426c93a5bd80a938336ebb","dependencyPathsHash":"a3100d1dd8b71762c2aec254008e1850b0638a93","targetPathsHash":"741031892d0180cb83534e187b6151622a5cd167","mockedTypesHash":"fec7b53bbe29d8a84b19fdf8f3403551e583a82b","outputHash":"05ae59bb30a3bad5936d19a804a802bd13770db2","dependencies":[],"sourceRoot":"\/Users\/febriadrian\/Documents\/Development\/KitaNonton","supportingFilePaths":[{"path":"\/Users\/febriadrian\/Documents\/Development\/KitaNonton\/MockingbirdSupport\/AppKit\/NSResponder.swift","hash":"21296949c6d570892c8665a450e62c234c938790"},{"path":"\/Users\/febriadrian\/Documents\/Development\/KitaNonton\/MockingbirdSupport\/AppKit\/NSView.swift","hash":"85b3183be144012a7e105e292426c3d9f8966072"},{"path":"\/Users\/febriadrian\/Documents\/Development\/KitaNonton\/MockingbirdSupport\/AppKit\/NSViewController.swift","hash":"d8785e8a119f2723c8840534df0ad8ac61409797"},{"path":"\/Users\/febriadrian\/Documents\/Development\/KitaNonton\/MockingbirdSupport\/Foundation\/ObjectiveC\/NSObject.swift","hash":"cf466772b8c2d80d31f34b93b501b398fbb8854d"},{"path":"\/Users\/febriadrian\/Documents\/Development\/KitaNonton\/MockingbirdSupport\/Foundation\/ObjectiveC\/NSObject.swift","hash":"cf466772b8c2d80d31f34b93b501b398fbb8854d"},{"path":"\/Users\/febriadrian\/Documents\/Development\/KitaNonton\/MockingbirdSupport\/Swift\/Codable.swift","hash":"57675d8b36a2db7b093b3542bd3225a88992c3bc"},{"path":"\/Users\/febriadrian\/Documents\/Development\/KitaNonton\/MockingbirdSupport\/Swift\/Comparable.swift","hash":"d0d110744eeaf2f8fdd2f8a41df3452f35286bb7"},{"path":"\/Users\/febriadrian\/Documents\/Development\/KitaNonton\/MockingbirdSupport\/Swift\/Equatable.swift","hash":"2e7674f4e23a5ab7aef45b91b63c0ed5934c3b83"},{"path":"\/Users\/febriadrian\/Documents\/Development\/KitaNonton\/MockingbirdSupport\/Swift\/Hashable.swift","hash":"f59ec249aa03e312f2bda7c3b397c0dccd880a21"},{"path":"\/Users\/febriadrian\/Documents\/Development\/KitaNonton\/MockingbirdSupport\/Swift\/Misc.swift","hash":"c139249ec5799f1ec64c3d9e7d8c1f286b894035"},{"path":"\/Users\/febriadrian\/Documents\/Development\/KitaNonton\/MockingbirdSupport\/UIKit\/UIControl.swift","hash":"9363a4c38002598dbbc1198f16fe7198b8151d24"},{"path":"\/Users\/febriadrian\/Documents\/Development\/KitaNonton\/MockingbirdSupport\/UIKit\/UILabel.swift","hash":"e26a734695bfe008598ed0d8c936683db78f40ac"},{"path":"\/Users\/febriadrian\/Documents\/Development\/KitaNonton\/MockingbirdSupport\/UIKit\/UIView.swift","hash":"10e6b03a9c5a76f720c17fcb82af82ff66994926"},{"path":"\/Users\/febriadrian\/Documents\/Development\/KitaNonton\/MockingbirdSupport\/UIKit\/UIViewController.swift","hash":"bbd8980a22029f339b0e8746124fd06d94730570"}],"name":"KitaNonton","projectHash":"43b9ccfac5c0bbbd640249c1074a381e930ba4dd"}